<?xml version="1.0" encoding="utf-8"?>
<Project ToolsVersion="4.0" xmlns="http://schemas.microsoft.com/developer/msbuild/2003">
  <ItemGroup>
    <Filter Include="Source Files">
      <UniqueIdentifier>{4FC737F1-C7A5-4376-A066-2A32D752A2FF}</UniqueIdentifier>
      <Extensions>cpp;c;cc;cxx;def;odl;idl;hpj;bat;asm;asmx</Extensions>
    </Filter>
    <Filter Include="Header Files">
      <UniqueIdentifier>{93995380-89BD-4b04-88EB-625FBE52EBFB}</UniqueIdentifier>
      <Extensions>h;hh;hpp;hxx;hm;inl;inc;xsd</Extensions>
    </Filter>
    <Filter Include="Resource Files">
      <UniqueIdentifier>{67DA6AB6-F800-4c08-8B7A-83BB121AAD01}</UniqueIdentifier>
      <Extensions>qrc;rc;ico;cur;bmp;dlg;rc2;rct;bin;rgs;gif;jpg;jpeg;jpe;resx;tiff;tif;png;wav;mfcribbon-ms</Extensions>
    </Filter>
    <Filter Include="Form Files">
      <UniqueIdentifier>{99349809-55BA-4b9d-BF79-8FDBB0286EB3}</UniqueIdentifier>
      <Extensions>ui</Extensions>
    </Filter>
    <Filter Include="Translation Files">
      <UniqueIdentifier>{639EADAA-A684-42e4-A9AD-28FC9BCB8F7C}</UniqueIdentifier>
      <Extensions>ts</Extensions>
    </Filter>
    <Filter Include="Source Files\Drawing">
      <UniqueIdentifier>{8978e69b-b216-49a9-99a5-9d37789c2cc9}</UniqueIdentifier>
    </Filter>
    <Filter Include="Source Files\Drawing\Pens">
      <UniqueIdentifier>{cd0faf26-22de-4f4e-ad46-c4dbfbefb8e4}</UniqueIdentifier>
    </Filter>
    <Filter Include="Source Files\Drawing\Pickers">
      <UniqueIdentifier>{716f594c-e193-4f69-9420-57fe93282056}</UniqueIdentifier>
    </Filter>
    <Filter Include="Source Files\Drawing\Entities">
      <UniqueIdentifier>{2a005276-773a-48a5-9bf6-afef951a47e9}</UniqueIdentifier>
    </Filter>
    <Filter Include="Source Files\Serializing">
      <UniqueIdentifier>{80f18e7d-d6e0-4cf5-9f02-6901a45325bd}</UniqueIdentifier>
    </Filter>
  </ItemGroup>
  <ItemGroup>
    <QtRcc Include="StoreDashAdmin.qrc">
      <Filter>Resource Files</Filter>
    </QtRcc>
    <QtUic Include="StoreDashAdmin.ui">
      <Filter>Form Files</Filter>
    </QtUic>
    <QtMoc Include="StoreDashAdmin.h">
      <Filter>Header Files</Filter>
    </QtMoc>
    <ClCompile Include="StoreDashAdmin.cpp">
      <Filter>Source Files</Filter>
    </ClCompile>
  </ItemGroup>
  <ItemGroup>
    <ClCompile Include="main.cpp">
      <Filter>Source Files</Filter>
    </ClCompile>
    <ClCompile Include="DrawingArea.cpp">
      <Filter>Source Files\Drawing</Filter>
    </ClCompile>
    <ClCompile Include="Entity.cpp">
      <Filter>Source Files\Drawing\Entities</Filter>
    </ClCompile>
    <ClCompile Include="DrawableEntity.cpp">
      <Filter>Source Files\Drawing\Entities</Filter>
    </ClCompile>
    <ClCompile Include="Shelf.cpp">
      <Filter>Source Files\Drawing\Entities</Filter>
    </ClCompile>
    <ClCompile Include="Pen.cpp">
      <Filter>Source Files\Drawing\Pens</Filter>
    </ClCompile>
    <ClCompile Include="ShelfPen.cpp">
      <Filter>Source Files\Drawing\Pens</Filter>
    </ClCompile>
    <ClCompile Include="NodePen.cpp">
      <Filter>Source Files\Drawing\Pens</Filter>
    </ClCompile>
    <ClCompile Include="Node.cpp">
      <Filter>Source Files\Drawing\Entities</Filter>
    </ClCompile>
    <ClCompile Include="Connection.cpp">
      <Filter>Source Files\Drawing\Entities</Filter>
    </ClCompile>
    <ClCompile Include="ConnectionPen.cpp">
      <Filter>Source Files\Drawing\Pens</Filter>
    </ClCompile>
    <ClCompile Include="Picker.cpp">
      <Filter>Source Files\Drawing\Pickers</Filter>
    </ClCompile>
    <ClCompile Include="ConnectionPicker.cpp">
      <Filter>Source Files\Drawing\Pickers</Filter>
    </ClCompile>
    <ClCompile Include="ShelfMapper.cpp">
      <Filter>Source Files</Filter>
    </ClCompile>
    <ClCompile Include="Serializable.cpp">
      <Filter>Source Files\Serializing</Filter>
    </ClCompile>
    <ClCompile Include="NodeTypeSelectTool.cpp">
      <Filter>Source Files</Filter>
    </ClCompile>
    <ClCompile Include="GridScene.cpp">
      <Filter>Source Files</Filter>
    </ClCompile>
  </ItemGroup>
  <ItemGroup>
    <ClInclude Include="DrawingArea.h">
      <Filter>Header Files</Filter>
    </ClInclude>
    <ClInclude Include="DrawableEntity.h">
      <Filter>Header Files</Filter>
    </ClInclude>
    <ClInclude Include="Entity.h">
      <Filter>Header Files</Filter>
    </ClInclude>
    <ClInclude Include="Shelf.h">
      <Filter>Header Files</Filter>
    </ClInclude>
    <ClInclude Include="Pen.h">
      <Filter>Header Files</Filter>
    </ClInclude>
    <ClInclude Include="ShelfPen.h">
      <Filter>Header Files</Filter>
    </ClInclude>
    <ClInclude Include="NodePen.h">
      <Filter>Header Files</Filter>
    </ClInclude>
    <ClInclude Include="Node.h">
      <Filter>Header Files</Filter>
    </ClInclude>
    <ClInclude Include="Connection.h">
      <Filter>Header Files</Filter>
    </ClInclude>
    <ClInclude Include="ConnectionPen.h">
      <Filter>Header Files</Filter>
    </ClInclude>
    <ClInclude Include="Picker.h">
      <Filter>Header Files</Filter>
    </ClInclude>
    <ClInclude Include="ConnectionPicker.h">
      <Filter>Header Files</Filter>
    </ClInclude>
    <ClInclude Include="Serializable.h">
      <Filter>Header Files</Filter>
    </ClInclude>
    <ClInclude Include="GridScene.h">
      <Filter>Header Files</Filter>
    </ClInclude>
  </ItemGroup>
  <ItemGroup>
    <QtUic Include="MapShelf.ui">
      <Filter>Form Files</Filter>
    </QtUic>
    <QtUic Include="NodeType.ui">
      <Filter>Form Files</Filter>
    </QtUic>
  </ItemGroup>
  <ItemGroup>
    <QtMoc Include="ShelfMapper.h">
      <Filter>Header Files</Filter>
    </QtMoc>
    <QtMoc Include="NodeTypeSelectTool.h">
      <Filter>Header Files</Filter>
    </QtMoc>
  </ItemGroup>
</Project>